
Microsoft Visual Studio Solution File, Format Version 12.00
# Visual Studio Version 16
VisualStudioVersion = 16.0.31321.278
MinimumVisualStudioVersion = 10.0.40219.1
Project("{FAE04EC0-301F-11D3-BF4B-00C04F79EFBC}") = "SingletonDesignPattern", "SingletonDesignPattern\SingletonDesignPattern.csproj", "{C3E59C84-3016-4E0D-B2AC-8F7695741CA4}"
EndProject
Project("{FAE04EC0-301F-11D3-BF4B-00C04F79EFBC}") = "SingletonClient", "SingletonClient\SingletonClient.csproj", "{75B49099-A4D6-478E-8EC8-14943A5EB162}"
EndProject
Global
	GlobalSection(SolutionConfigurationPlatforms) = preSolution
		Debug|Any CPU = Debug|Any CPU
		Release|Any CPU = Release|Any CPU
	EndGlobalSection
	GlobalSection(ProjectConfigurationPlatforms) = postSolution
		{C3E59C84-3016-4E0D-B2AC-8F7695741CA4}.Debug|Any CPU.ActiveCfg = Debug|Any CPU
		{C3E59C84-3016-4E0D-B2AC-8F7695741CA4}.Debug|Any CPU.Build.0 = Debug|Any CPU
		{C3E59C84-3016-4E0D-B2AC-8F7695741CA4}.Release|Any CPU.ActiveCfg = Release|Any CPU
		{C3E59C84-3016-4E0D-B2AC-8F7695741CA4}.Release|Any CPU.Build.0 = Release|Any CPU
		{75B49099-A4D6-478E-8EC8-14943A5EB162}.Debug|Any CPU.ActiveCfg = Debug|Any CPU
		{75B49099-A4D6-478E-8EC8-14943A5EB162}.Debug|Any CPU.Build.0 = Debug|Any CPU
		{75B49099-A4D6-478E-8EC8-14943A5EB162}.Release|Any CPU.ActiveCfg = Release|Any CPU
		{75B49099-A4D6-478E-8EC8-14943A5EB162}.Release|Any CPU.Build.0 = Release|Any CPU
	EndGlobalSection
	GlobalSection(SolutionProperties) = preSolution
		HideSolutionNode = FALSE
	EndGlobalSection
	GlobalSection(ExtensibilityGlobals) = postSolution
		SolutionGuid = {50A7FC68-F435-42BA-8A56-11B6C035DDF0}
	EndGlobalSection
EndGlobal
