
Microsoft Visual Studio Solution File, Format Version 12.00
# Visual Studio Version 16
VisualStudioVersion = 16.0.31321.278
MinimumVisualStudioVersion = 10.0.40219.1
Project("{FAE04EC0-301F-11D3-BF4B-00C04F79EFBC}") = "AdapterPattern", "AdapterPattern\AdapterPattern.csproj", "{280D41EA-F7E9-4A27-8665-E763D26A5054}"
EndProject
Global
	GlobalSection(SolutionConfigurationPlatforms) = preSolution
		Debug|Any CPU = Debug|Any CPU
		Release|Any CPU = Release|Any CPU
	EndGlobalSection
	GlobalSection(ProjectConfigurationPlatforms) = postSolution
		{280D41EA-F7E9-4A27-8665-E763D26A5054}.Debug|Any CPU.ActiveCfg = Debug|Any CPU
		{280D41EA-F7E9-4A27-8665-E763D26A5054}.Debug|Any CPU.Build.0 = Debug|Any CPU
		{280D41EA-F7E9-4A27-8665-E763D26A5054}.Release|Any CPU.ActiveCfg = Release|Any CPU
		{280D41EA-F7E9-4A27-8665-E763D26A5054}.Release|Any CPU.Build.0 = Release|Any CPU
	EndGlobalSection
	GlobalSection(SolutionProperties) = preSolution
		HideSolutionNode = FALSE
	EndGlobalSection
	GlobalSection(ExtensibilityGlobals) = postSolution
		SolutionGuid = {1817BE27-E25A-4210-9C04-BD0195DD6E71}
	EndGlobalSection
EndGlobal
