
Microsoft Visual Studio Solution File, Format Version 12.00
# Visual Studio Version 17
VisualStudioVersion = 17.2.32519.379
MinimumVisualStudioVersion = 10.0.40219.1
Project("{FAE04EC0-301F-11D3-BF4B-00C04F79EFBC}") = "PrototypeDesignPattern", "PrototypeDesignPattern\PrototypeDesignPattern.csproj", "{C231C023-8915-40B7-86C4-35FB297F3E72}"
EndProject
Global
	GlobalSection(SolutionConfigurationPlatforms) = preSolution
		Debug|Any CPU = Debug|Any CPU
		Release|Any CPU = Release|Any CPU
	EndGlobalSection
	GlobalSection(ProjectConfigurationPlatforms) = postSolution
		{C231C023-8915-40B7-86C4-35FB297F3E72}.Debug|Any CPU.ActiveCfg = Debug|Any CPU
		{C231C023-8915-40B7-86C4-35FB297F3E72}.Debug|Any CPU.Build.0 = Debug|Any CPU
		{C231C023-8915-40B7-86C4-35FB297F3E72}.Release|Any CPU.ActiveCfg = Release|Any CPU
		{C231C023-8915-40B7-86C4-35FB297F3E72}.Release|Any CPU.Build.0 = Release|Any CPU
	EndGlobalSection
	GlobalSection(SolutionProperties) = preSolution
		HideSolutionNode = FALSE
	EndGlobalSection
	GlobalSection(ExtensibilityGlobals) = postSolution
		SolutionGuid = {8A2C39E3-28DC-4AED-B1E3-96CB325BE4AD}
	EndGlobalSection
EndGlobal
