
Microsoft Visual Studio Solution File, Format Version 12.00
# Visual Studio Version 16
VisualStudioVersion = 16.0.31321.278
MinimumVisualStudioVersion = 10.0.40219.1
Project("{FAE04EC0-301F-11D3-BF4B-00C04F79EFBC}") = "CommandDesignPattern", "CommandDesignPattern\CommandDesignPattern.csproj", "{1A5F3BED-3D37-4907-9D78-ADA5B43A4CF5}"
EndProject
Project("{FAE04EC0-301F-11D3-BF4B-00C04F79EFBC}") = "CommandDesignPattern.Client", "CommandDesignPattern.Client\CommandDesignPattern.Client.csproj", "{526A8108-4608-43E6-B6FE-B0ECD3608AAB}"
EndProject
Global
	GlobalSection(SolutionConfigurationPlatforms) = preSolution
		Debug|Any CPU = Debug|Any CPU
		Release|Any CPU = Release|Any CPU
	EndGlobalSection
	GlobalSection(ProjectConfigurationPlatforms) = postSolution
		{1A5F3BED-3D37-4907-9D78-ADA5B43A4CF5}.Debug|Any CPU.ActiveCfg = Debug|Any CPU
		{1A5F3BED-3D37-4907-9D78-ADA5B43A4CF5}.Debug|Any CPU.Build.0 = Debug|Any CPU
		{1A5F3BED-3D37-4907-9D78-ADA5B43A4CF5}.Release|Any CPU.ActiveCfg = Release|Any CPU
		{1A5F3BED-3D37-4907-9D78-ADA5B43A4CF5}.Release|Any CPU.Build.0 = Release|Any CPU
		{526A8108-4608-43E6-B6FE-B0ECD3608AAB}.Debug|Any CPU.ActiveCfg = Debug|Any CPU
		{526A8108-4608-43E6-B6FE-B0ECD3608AAB}.Debug|Any CPU.Build.0 = Debug|Any CPU
		{526A8108-4608-43E6-B6FE-B0ECD3608AAB}.Release|Any CPU.ActiveCfg = Release|Any CPU
		{526A8108-4608-43E6-B6FE-B0ECD3608AAB}.Release|Any CPU.Build.0 = Release|Any CPU
	EndGlobalSection
	GlobalSection(SolutionProperties) = preSolution
		HideSolutionNode = FALSE
	EndGlobalSection
	GlobalSection(ExtensibilityGlobals) = postSolution
		SolutionGuid = {D2159586-92A6-4A49-B3D3-DC5E9308EDDB}
	EndGlobalSection
EndGlobal
