
Microsoft Visual Studio Solution File, Format Version 12.00
# Visual Studio Version 17
VisualStudioVersion = 17.2.32519.379
MinimumVisualStudioVersion = 10.0.40219.1
Project("{FAE04EC0-301F-11D3-BF4B-00C04F79EFBC}") = "StrategyPattern", "StrategyPattern\StrategyPattern.csproj", "{84412DDD-CA33-47D0-8F89-7A7088078406}"
EndProject
Global
	GlobalSection(SolutionConfigurationPlatforms) = preSolution
		Debug|Any CPU = Debug|Any CPU
		Release|Any CPU = Release|Any CPU
	EndGlobalSection
	GlobalSection(ProjectConfigurationPlatforms) = postSolution
		{84412DDD-CA33-47D0-8F89-7A7088078406}.Debug|Any CPU.ActiveCfg = Debug|Any CPU
		{84412DDD-CA33-47D0-8F89-7A7088078406}.Debug|Any CPU.Build.0 = Debug|Any CPU
		{84412DDD-CA33-47D0-8F89-7A7088078406}.Release|Any CPU.ActiveCfg = Release|Any CPU
		{84412DDD-CA33-47D0-8F89-7A7088078406}.Release|Any CPU.Build.0 = Release|Any CPU
	EndGlobalSection
	GlobalSection(SolutionProperties) = preSolution
		HideSolutionNode = FALSE
	EndGlobalSection
	GlobalSection(ExtensibilityGlobals) = postSolution
		SolutionGuid = {32FB97B1-CCF9-423F-8A79-3683F29DB643}
	EndGlobalSection
EndGlobal
