
Microsoft Visual Studio Solution File, Format Version 12.00
# Visual Studio Version 16
VisualStudioVersion = 16.0.31321.278
MinimumVisualStudioVersion = 10.0.40219.1
Project("{9A19103F-16F7-4668-BE54-9A1E7A4F7556}") = "AbstractFactory", "AbstractFactory\AbstractFactory.csproj", "{A8923D0B-F0EA-4EC2-8A20-52661F6C066F}"
EndProject
Project("{9A19103F-16F7-4668-BE54-9A1E7A4F7556}") = "AbstractFactoryClient", "AbstractFactoryClient\AbstractFactoryClient.csproj", "{30FB242C-D1C1-4A4D-A704-258D666884F6}"
EndProject
Global
	GlobalSection(SolutionConfigurationPlatforms) = preSolution
		Debug|Any CPU = Debug|Any CPU
		Release|Any CPU = Release|Any CPU
	EndGlobalSection
	GlobalSection(ProjectConfigurationPlatforms) = postSolution
		{A8923D0B-F0EA-4EC2-8A20-52661F6C066F}.Debug|Any CPU.ActiveCfg = Debug|Any CPU
		{A8923D0B-F0EA-4EC2-8A20-52661F6C066F}.Debug|Any CPU.Build.0 = Debug|Any CPU
		{A8923D0B-F0EA-4EC2-8A20-52661F6C066F}.Release|Any CPU.ActiveCfg = Release|Any CPU
		{A8923D0B-F0EA-4EC2-8A20-52661F6C066F}.Release|Any CPU.Build.0 = Release|Any CPU
		{30FB242C-D1C1-4A4D-A704-258D666884F6}.Debug|Any CPU.ActiveCfg = Debug|Any CPU
		{30FB242C-D1C1-4A4D-A704-258D666884F6}.Debug|Any CPU.Build.0 = Debug|Any CPU
		{30FB242C-D1C1-4A4D-A704-258D666884F6}.Release|Any CPU.ActiveCfg = Release|Any CPU
		{30FB242C-D1C1-4A4D-A704-258D666884F6}.Release|Any CPU.Build.0 = Release|Any CPU
	EndGlobalSection
	GlobalSection(SolutionProperties) = preSolution
		HideSolutionNode = FALSE
	EndGlobalSection
	GlobalSection(ExtensibilityGlobals) = postSolution
		SolutionGuid = {4E61FF20-CFE6-43A6-B707-7843751C939F}
	EndGlobalSection
EndGlobal
