
Microsoft Visual Studio Solution File, Format Version 12.00
# Visual Studio Version 16
VisualStudioVersion = 16.0.31321.278
MinimumVisualStudioVersion = 10.0.40219.1
Project("{FAE04EC0-301F-11D3-BF4B-00C04F79EFBC}") = "DecoratorPattern", "DecoratorPattern\DecoratorPattern.csproj", "{FE266B87-3149-4A9D-883F-0D98FCCF3692}"
EndProject
Global
	GlobalSection(SolutionConfigurationPlatforms) = preSolution
		Debug|Any CPU = Debug|Any CPU
		Release|Any CPU = Release|Any CPU
	EndGlobalSection
	GlobalSection(ProjectConfigurationPlatforms) = postSolution
		{FE266B87-3149-4A9D-883F-0D98FCCF3692}.Debug|Any CPU.ActiveCfg = Debug|Any CPU
		{FE266B87-3149-4A9D-883F-0D98FCCF3692}.Debug|Any CPU.Build.0 = Debug|Any CPU
		{FE266B87-3149-4A9D-883F-0D98FCCF3692}.Release|Any CPU.ActiveCfg = Release|Any CPU
		{FE266B87-3149-4A9D-883F-0D98FCCF3692}.Release|Any CPU.Build.0 = Release|Any CPU
	EndGlobalSection
	GlobalSection(SolutionProperties) = preSolution
		HideSolutionNode = FALSE
	EndGlobalSection
	GlobalSection(ExtensibilityGlobals) = postSolution
		SolutionGuid = {A791347C-C179-40EC-BC75-EA08E0888A19}
	EndGlobalSection
EndGlobal
